
Microsoft Visual Studio Solution File, Format Version 12.00
# Visual Studio 15
VisualStudioVersion = 15.0.28307.2092
MinimumVisualStudioVersion = 10.0.40219.1
Project("{FAE04EC0-301F-11D3-BF4B-00C04F79EFBC}") = "ProgramadorRaizBlogWeb", "ProgramadorRaizBlogWeb\ProgramadorRaizBlogWeb.csproj", "{98F2FB7E-745D-43EF-8A05-D2D4F7819EE2}"
EndProject
Global
	GlobalSection(SolutionConfigurationPlatforms) = preSolution
		Debug|Any CPU = Debug|Any CPU
		Release|Any CPU = Release|Any CPU
	EndGlobalSection
	GlobalSection(ProjectConfigurationPlatforms) = postSolution
		{98F2FB7E-745D-43EF-8A05-D2D4F7819EE2}.Debug|Any CPU.ActiveCfg = Debug|Any CPU
		{98F2FB7E-745D-43EF-8A05-D2D4F7819EE2}.Debug|Any CPU.Build.0 = Debug|Any CPU
		{98F2FB7E-745D-43EF-8A05-D2D4F7819EE2}.Release|Any CPU.ActiveCfg = Release|Any CPU
		{98F2FB7E-745D-43EF-8A05-D2D4F7819EE2}.Release|Any CPU.Build.0 = Release|Any CPU
	EndGlobalSection
	GlobalSection(SolutionProperties) = preSolution
		HideSolutionNode = FALSE
	EndGlobalSection
	GlobalSection(ExtensibilityGlobals) = postSolution
		SolutionGuid = {A3929DF5-A11C-4DA7-A78B-FF55ADB1C0A8}
	EndGlobalSection
EndGlobal
